# THIS IS AN AUTOGENERATED FILE. DO NOT EDIT THIS FILE DIRECTLY.
# yarn lockfile v1


"@nestjs/mapped-types@^2.0.2":
  version "2.0.2"
  resolved "https://registry.yarnpkg.com/@nestjs/mapped-types/-/mapped-types-2.0.2.tgz#c8a090a8d22145b85ed977414c158534210f2e4f"
  integrity sha512-V0izw6tWs6fTp9+KiiPUbGHWALy563Frn8X6Bm87ANLRuE46iuBMD5acKBDP5lKL/75QFvrzSJT7HkCbB0jTpg==
